
Microsoft Visual Studio Solution File, Format Version 12.00
# Visual Studio Version 16
VisualStudioVersion = 16.0.29905.134
MinimumVisualStudioVersion = 10.0.40219.1
Project("{FAE04EC0-301F-11D3-BF4B-00C04F79EFBC}") = "c1", "c1\c1.csproj", "{166DE6FF-7B2B-46F2-8D1D-B73F3EB2F340}"
EndProject
Project("{FAE04EC0-301F-11D3-BF4B-00C04F79EFBC}") = "c2", "c2\c2.csproj", "{FB5F69B7-65E1-4CF2-9E55-CCA6D04EF0F5}"
EndProject
Project("{FAE04EC0-301F-11D3-BF4B-00C04F79EFBC}") = "c3", "c3\c3.csproj", "{7BC0B839-1614-4B46-90AE-210D9D9829D8}"
EndProject
Project("{FAE04EC0-301F-11D3-BF4B-00C04F79EFBC}") = "c4", "c4\c4.csproj", "{1CE92343-BC67-455A-A1F0-9CCC64AC8403}"
EndProject
Global
	GlobalSection(SolutionConfigurationPlatforms) = preSolution
		Debug|Any CPU = Debug|Any CPU
		Release|Any CPU = Release|Any CPU
	EndGlobalSection
	GlobalSection(ProjectConfigurationPlatforms) = postSolution
		{166DE6FF-7B2B-46F2-8D1D-B73F3EB2F340}.Debug|Any CPU.ActiveCfg = Debug|Any CPU
		{166DE6FF-7B2B-46F2-8D1D-B73F3EB2F340}.Debug|Any CPU.Build.0 = Debug|Any CPU
		{166DE6FF-7B2B-46F2-8D1D-B73F3EB2F340}.Release|Any CPU.ActiveCfg = Release|Any CPU
		{166DE6FF-7B2B-46F2-8D1D-B73F3EB2F340}.Release|Any CPU.Build.0 = Release|Any CPU
		{FB5F69B7-65E1-4CF2-9E55-CCA6D04EF0F5}.Debug|Any CPU.ActiveCfg = Debug|Any CPU
		{FB5F69B7-65E1-4CF2-9E55-CCA6D04EF0F5}.Debug|Any CPU.Build.0 = Debug|Any CPU
		{FB5F69B7-65E1-4CF2-9E55-CCA6D04EF0F5}.Release|Any CPU.ActiveCfg = Release|Any CPU
		{FB5F69B7-65E1-4CF2-9E55-CCA6D04EF0F5}.Release|Any CPU.Build.0 = Release|Any CPU
		{7BC0B839-1614-4B46-90AE-210D9D9829D8}.Debug|Any CPU.ActiveCfg = Debug|Any CPU
		{7BC0B839-1614-4B46-90AE-210D9D9829D8}.Debug|Any CPU.Build.0 = Debug|Any CPU
		{7BC0B839-1614-4B46-90AE-210D9D9829D8}.Release|Any CPU.ActiveCfg = Release|Any CPU
		{7BC0B839-1614-4B46-90AE-210D9D9829D8}.Release|Any CPU.Build.0 = Release|Any CPU
		{1CE92343-BC67-455A-A1F0-9CCC64AC8403}.Debug|Any CPU.ActiveCfg = Debug|Any CPU
		{1CE92343-BC67-455A-A1F0-9CCC64AC8403}.Debug|Any CPU.Build.0 = Debug|Any CPU
		{1CE92343-BC67-455A-A1F0-9CCC64AC8403}.Release|Any CPU.ActiveCfg = Release|Any CPU
		{1CE92343-BC67-455A-A1F0-9CCC64AC8403}.Release|Any CPU.Build.0 = Release|Any CPU
	EndGlobalSection
	GlobalSection(SolutionProperties) = preSolution
		HideSolutionNode = FALSE
	EndGlobalSection
	GlobalSection(ExtensibilityGlobals) = postSolution
		SolutionGuid = {7F3B6AA1-7574-4F91-A058-FC752E271743}
	EndGlobalSection
EndGlobal
